
Microsoft Visual Studio Solution File, Format Version 12.00
Project("{FAE04EC0-301F-11D3-BF4B-00C04F79EFBC}") = "Baciu_Alexia_Lab2", "Baciu_Alexia_Lab2\Baciu_Alexia_Lab2.csproj", "{83EE2E2E-BFE6-453C-A8BA-FE3B6D6ADF62}"
EndProject
Global
	GlobalSection(SolutionConfigurationPlatforms) = preSolution
		Debug|Any CPU = Debug|Any CPU
		Release|Any CPU = Release|Any CPU
	EndGlobalSection
	GlobalSection(ProjectConfigurationPlatforms) = postSolution
		{83EE2E2E-BFE6-453C-A8BA-FE3B6D6ADF62}.Debug|Any CPU.ActiveCfg = Debug|Any CPU
		{83EE2E2E-BFE6-453C-A8BA-FE3B6D6ADF62}.Debug|Any CPU.Build.0 = Debug|Any CPU
		{83EE2E2E-BFE6-453C-A8BA-FE3B6D6ADF62}.Release|Any CPU.ActiveCfg = Release|Any CPU
		{83EE2E2E-BFE6-453C-A8BA-FE3B6D6ADF62}.Release|Any CPU.Build.0 = Release|Any CPU
	EndGlobalSection
EndGlobal
